// !$*UTF8*$!
{
	archiveVersion = 1;
	classes = {
	};
	objectVersion = 48;
	objects = {

/* Begin PBXBuildFile section */
		291032AF210EED8A00DA2CF4 /* AppDelegate.swift in Sources */ = {isa = PBXBuildFile; fileRef = 291032AE210EED8A00DA2CF4 /* AppDelegate.swift */; };
		291032B1210EED8A00DA2CF4 /* ViewController.swift in Sources */ = {isa = PBXBuildFile; fileRef = 291032B0210EED8A00DA2CF4 /* ViewController.swift */; };
		291032B4210EED8A00DA2CF4 /* Main.storyboard in Resources */ = {isa = PBXBuildFile; fileRef = 291032B2210EED8A00DA2CF4 /* Main.storyboard */; };
		291032B6210EED8A00DA2CF4 /* Assets.xcassets in Resources */ = {isa = PBXBuildFile; fileRef = 291032B5210EED8A00DA2CF4 /* Assets.xcassets */; };
		291032B9210EED8A00DA2CF4 /* LaunchScreen.storyboard in Resources */ = {isa = PBXBuildFile; fileRef = 291032B7210EED8A00DA2CF4 /* LaunchScreen.storyboard */; };
		291032C1210EF02A00DA2CF4 /* CheckMarkViewController.swift in Sources */ = {isa = PBXBuildFile; fileRef = 291032C0210EF02A00DA2CF4 /* CheckMarkViewController.swift */; };
		291032C3210F1CB300DA2CF4 /* WebService.swift in Sources */ = {isa = PBXBuildFile; fileRef = 291032C2210F1CB300DA2CF4 /* WebService.swift */; };
		291032D8210F1F2600DA2CF4 /* WSDSwiftyJSON.swift in Sources */ = {isa = PBXBuildFile; fileRef = 291032D7210F1F2600DA2CF4 /* WSDSwiftyJSON.swift */; };
		291032D9210F21F400DA2CF4 /* AFError.swift in Sources */ = {isa = PBXBuildFile; fileRef = 291032C5210F1F1800DA2CF4 /* AFError.swift */; };
		291032DA210F21F400DA2CF4 /* Alamofire.h in Sources */ = {isa = PBXBuildFile; fileRef = 291032C6210F1F1800DA2CF4 /* Alamofire.h */; };
		291032DB210F21F400DA2CF4 /* Alamofire.swift in Sources */ = {isa = PBXBuildFile; fileRef = 291032C7210F1F1800DA2CF4 /* Alamofire.swift */; };
		291032DC210F21F400DA2CF4 /* DispatchQueue+Alamofire.swift in Sources */ = {isa = PBXBuildFile; fileRef = 291032C8210F1F1800DA2CF4 /* DispatchQueue+Alamofire.swift */; };
		291032DD210F21F400DA2CF4 /* MultipartFormData.swift in Sources */ = {isa = PBXBuildFile; fileRef = 291032C9210F1F1800DA2CF4 /* MultipartFormData.swift */; };
		291032DE210F21F400DA2CF4 /* NetworkReachabilityManager.swift in Sources */ = {isa = PBXBuildFile; fileRef = 291032CA210F1F1800DA2CF4 /* NetworkReachabilityManager.swift */; };
		291032DF210F21F400DA2CF4 /* Notifications.swift in Sources */ = {isa = PBXBuildFile; fileRef = 291032CB210F1F1800DA2CF4 /* Notifications.swift */; };
		291032E0210F21F400DA2CF4 /* ParameterEncoding.swift in Sources */ = {isa = PBXBuildFile; fileRef = 291032CC210F1F1800DA2CF4 /* ParameterEncoding.swift */; };
		291032E1210F21F400DA2CF4 /* Request.swift in Sources */ = {isa = PBXBuildFile; fileRef = 291032CD210F1F1800DA2CF4 /* Request.swift */; };
		291032E2210F21F400DA2CF4 /* Response.swift in Sources */ = {isa = PBXBuildFile; fileRef = 291032CE210F1F1800DA2CF4 /* Response.swift */; };
		291032E3210F21F400DA2CF4 /* ResponseSerialization.swift in Sources */ = {isa = PBXBuildFile; fileRef = 291032CF210F1F1800DA2CF4 /* ResponseSerialization.swift */; };
		291032E4210F21F400DA2CF4 /* Result.swift in Sources */ = {isa = PBXBuildFile; fileRef = 291032D0210F1F1800DA2CF4 /* Result.swift */; };
		291032E5210F21F400DA2CF4 /* ServerTrustPolicy.swift in Sources */ = {isa = PBXBuildFile; fileRef = 291032D1210F1F1800DA2CF4 /* ServerTrustPolicy.swift */; };
		291032E6210F21F400DA2CF4 /* SessionDelegate.swift in Sources */ = {isa = PBXBuildFile; fileRef = 291032D2210F1F1800DA2CF4 /* SessionDelegate.swift */; };
		291032E7210F21F400DA2CF4 /* SessionManager.swift in Sources */ = {isa = PBXBuildFile; fileRef = 291032D3210F1F1800DA2CF4 /* SessionManager.swift */; };
		291032E8210F21F400DA2CF4 /* TaskDelegate.swift in Sources */ = {isa = PBXBuildFile; fileRef = 291032D4210F1F1800DA2CF4 /* TaskDelegate.swift */; };
		291032E9210F21F400DA2CF4 /* Timeline.swift in Sources */ = {isa = PBXBuildFile; fileRef = 291032D5210F1F1800DA2CF4 /* Timeline.swift */; };
		291032EA210F21F400DA2CF4 /* Validation.swift in Sources */ = {isa = PBXBuildFile; fileRef = 291032D6210F1F1800DA2CF4 /* Validation.swift */; };
		291032ED210F228300DA2CF4 /* WatcherTableViewCell.swift in Sources */ = {isa = PBXBuildFile; fileRef = 291032EB210F228300DA2CF4 /* WatcherTableViewCell.swift */; };
		291032EE210F228300DA2CF4 /* WatcherTableViewCell.xib in Resources */ = {isa = PBXBuildFile; fileRef = 291032EC210F228300DA2CF4 /* WatcherTableViewCell.xib */; };
		291032F0210F276400DA2CF4 /* WatchersModel.swift in Sources */ = {isa = PBXBuildFile; fileRef = 291032EF210F276400DA2CF4 /* WatchersModel.swift */; };
/* End PBXBuildFile section */

/* Begin PBXFileReference section */
		291032AB210EED8A00DA2CF4 /* CheckMarkSample.app */ = {isa = PBXFileReference; explicitFileType = wrapper.application; includeInIndex = 0; path = CheckMarkSample.app; sourceTree = BUILT_PRODUCTS_DIR; };
		291032AE210EED8A00DA2CF4 /* AppDelegate.swift */ = {isa = PBXFileReference; lastKnownFileType = sourcecode.swift; path = AppDelegate.swift; sourceTree = "<group>"; };
		291032B0210EED8A00DA2CF4 /* ViewController.swift */ = {isa = PBXFileReference; lastKnownFileType = sourcecode.swift; path = ViewController.swift; sourceTree = "<group>"; };
		291032B3210EED8A00DA2CF4 /* Base */ = {isa = PBXFileReference; lastKnownFileType = file.storyboard; name = Base; path = Base.lproj/Main.storyboard; sourceTree = "<group>"; };
		291032B5210EED8A00DA2CF4 /* Assets.xcassets */ = {isa = PBXFileReference; lastKnownFileType = folder.assetcatalog; path = Assets.xcassets; sourceTree = "<group>"; };
		291032B8210EED8A00DA2CF4 /* Base */ = {isa = PBXFileReference; lastKnownFileType = file.storyboard; name = Base; path = Base.lproj/LaunchScreen.storyboard; sourceTree = "<group>"; };
		291032BA210EED8A00DA2CF4 /* Info.plist */ = {isa = PBXFileReference; lastKnownFileType = text.plist.xml; path = Info.plist; sourceTree = "<group>"; };
		291032C0210EF02A00DA2CF4 /* CheckMarkViewController.swift */ = {isa = PBXFileReference; lastKnownFileType = sourcecode.swift; path = CheckMarkViewController.swift; sourceTree = "<group>"; };
		291032C2210F1CB300DA2CF4 /* WebService.swift */ = {isa = PBXFileReference; lastKnownFileType = sourcecode.swift; path = WebService.swift; sourceTree = "<group>"; };
		291032C5210F1F1800DA2CF4 /* AFError.swift */ = {isa = PBXFileReference; lastKnownFileType = sourcecode.swift; path = AFError.swift; sourceTree = "<group>"; };
		291032C6210F1F1800DA2CF4 /* Alamofire.h */ = {isa = PBXFileReference; lastKnownFileType = sourcecode.c.h; path = Alamofire.h; sourceTree = "<group>"; };
		291032C7210F1F1800DA2CF4 /* Alamofire.swift */ = {isa = PBXFileReference; lastKnownFileType = sourcecode.swift; path = Alamofire.swift; sourceTree = "<group>"; };
		291032C8210F1F1800DA2CF4 /* DispatchQueue+Alamofire.swift */ = {isa = PBXFileReference; lastKnownFileType = sourcecode.swift; path = "DispatchQueue+Alamofire.swift"; sourceTree = "<group>"; };
		291032C9210F1F1800DA2CF4 /* MultipartFormData.swift */ = {isa = PBXFileReference; lastKnownFileType = sourcecode.swift; path = MultipartFormData.swift; sourceTree = "<group>"; };
		291032CA210F1F1800DA2CF4 /* NetworkReachabilityManager.swift */ = {isa = PBXFileReference; lastKnownFileType = sourcecode.swift; path = NetworkReachabilityManager.swift; sourceTree = "<group>"; };
		291032CB210F1F1800DA2CF4 /* Notifications.swift */ = {isa = PBXFileReference; lastKnownFileType = sourcecode.swift; path = Notifications.swift; sourceTree = "<group>"; };
		291032CC210F1F1800DA2CF4 /* ParameterEncoding.swift */ = {isa = PBXFileReference; lastKnownFileType = sourcecode.swift; path = ParameterEncoding.swift; sourceTree = "<group>"; };
		291032CD210F1F1800DA2CF4 /* Request.swift */ = {isa = PBXFileReference; lastKnownFileType = sourcecode.swift; path = Request.swift; sourceTree = "<group>"; };
		291032CE210F1F1800DA2CF4 /* Response.swift */ = {isa = PBXFileReference; lastKnownFileType = sourcecode.swift; path = Response.swift; sourceTree = "<group>"; };
		291032CF210F1F1800DA2CF4 /* ResponseSerialization.swift */ = {isa = PBXFileReference; lastKnownFileType = sourcecode.swift; path = ResponseSerialization.swift; sourceTree = "<group>"; };
		291032D0210F1F1800DA2CF4 /* Result.swift */ = {isa = PBXFileReference; lastKnownFileType = sourcecode.swift; path = Result.swift; sourceTree = "<group>"; };
		291032D1210F1F1800DA2CF4 /* ServerTrustPolicy.swift */ = {isa = PBXFileReference; lastKnownFileType = sourcecode.swift; path = ServerTrustPolicy.swift; sourceTree = "<group>"; };
		291032D2210F1F1800DA2CF4 /* SessionDelegate.swift */ = {isa = PBXFileReference; lastKnownFileType = sourcecode.swift; path = SessionDelegate.swift; sourceTree = "<group>"; };
		291032D3210F1F1800DA2CF4 /* SessionManager.swift */ = {isa = PBXFileReference; lastKnownFileType = sourcecode.swift; path = SessionManager.swift; sourceTree = "<group>"; };
		291032D4210F1F1800DA2CF4 /* TaskDelegate.swift */ = {isa = PBXFileReference; lastKnownFileType = sourcecode.swift; path = TaskDelegate.swift; sourceTree = "<group>"; };
		291032D5210F1F1800DA2CF4 /* Timeline.swift */ = {isa = PBXFileReference; lastKnownFileType = sourcecode.swift; path = Timeline.swift; sourceTree = "<group>"; };
		291032D6210F1F1800DA2CF4 /* Validation.swift */ = {isa = PBXFileReference; lastKnownFileType = sourcecode.swift; path = Validation.swift; sourceTree = "<group>"; };
		291032D7210F1F2600DA2CF4 /* WSDSwiftyJSON.swift */ = {isa = PBXFileReference; lastKnownFileType = sourcecode.swift; path = WSDSwiftyJSON.swift; sourceTree = "<group>"; };
		291032EB210F228300DA2CF4 /* WatcherTableViewCell.swift */ = {isa = PBXFileReference; lastKnownFileType = sourcecode.swift; path = WatcherTableViewCell.swift; sourceTree = "<group>"; };
		291032EC210F228300DA2CF4 /* WatcherTableViewCell.xib */ = {isa = PBXFileReference; lastKnownFileType = file.xib; path = WatcherTableViewCell.xib; sourceTree = "<group>"; };
		291032EF210F276400DA2CF4 /* WatchersModel.swift */ = {isa = PBXFileReference; lastKnownFileType = sourcecode.swift; path = WatchersModel.swift; sourceTree = "<group>"; };
/* End PBXFileReference section */

/* Begin PBXFrameworksBuildPhase section */
		291032A8210EED8A00DA2CF4 /* Frameworks */ = {
			isa = PBXFrameworksBuildPhase;
			buildActionMask = 2147483647;
			files = (
			);
			runOnlyForDeploymentPostprocessing = 0;
		};
/* End PBXFrameworksBuildPhase section */

/* Begin PBXGroup section */
		291032A2210EED8A00DA2CF4 = {
			isa = PBXGroup;
			children = (
				291032AD210EED8A00DA2CF4 /* CheckMarkSample */,
				291032AC210EED8A00DA2CF4 /* Products */,
			);
			sourceTree = "<group>";
		};
		291032AC210EED8A00DA2CF4 /* Products */ = {
			isa = PBXGroup;
			children = (
				291032AB210EED8A00DA2CF4 /* CheckMarkSample.app */,
			);
			name = Products;
			sourceTree = "<group>";
		};
		291032AD210EED8A00DA2CF4 /* CheckMarkSample */ = {
			isa = PBXGroup;
			children = (
				291032AE210EED8A00DA2CF4 /* AppDelegate.swift */,
				291032B0210EED8A00DA2CF4 /* ViewController.swift */,
				291032B2210EED8A00DA2CF4 /* Main.storyboard */,
				291032B5210EED8A00DA2CF4 /* Assets.xcassets */,
				291032B7210EED8A00DA2CF4 /* LaunchScreen.storyboard */,
				291032BA210EED8A00DA2CF4 /* Info.plist */,
				291032C0210EF02A00DA2CF4 /* CheckMarkViewController.swift */,
				291032C2210F1CB300DA2CF4 /* WebService.swift */,
				291032D7210F1F2600DA2CF4 /* WSDSwiftyJSON.swift */,
				291032C4210F1F1800DA2CF4 /* Alamofire */,
				291032EB210F228300DA2CF4 /* WatcherTableViewCell.swift */,
				291032EC210F228300DA2CF4 /* WatcherTableViewCell.xib */,
				291032EF210F276400DA2CF4 /* WatchersModel.swift */,
			);
			path = CheckMarkSample;
			sourceTree = "<group>";
		};
		291032C4210F1F1800DA2CF4 /* Alamofire */ = {
			isa = PBXGroup;
			children = (
				291032C5210F1F1800DA2CF4 /* AFError.swift */,
				291032C6210F1F1800DA2CF4 /* Alamofire.h */,
				291032C7210F1F1800DA2CF4 /* Alamofire.swift */,
				291032C8210F1F1800DA2CF4 /* DispatchQueue+Alamofire.swift */,
				291032C9210F1F1800DA2CF4 /* MultipartFormData.swift */,
				291032CA210F1F1800DA2CF4 /* NetworkReachabilityManager.swift */,
				291032CB210F1F1800DA2CF4 /* Notifications.swift */,
				291032CC210F1F1800DA2CF4 /* ParameterEncoding.swift */,
				291032CD210F1F1800DA2CF4 /* Request.swift */,
				291032CE210F1F1800DA2CF4 /* Response.swift */,
				291032CF210F1F1800DA2CF4 /* ResponseSerialization.swift */,
				291032D0210F1F1800DA2CF4 /* Result.swift */,
				291032D1210F1F1800DA2CF4 /* ServerTrustPolicy.swift */,
				291032D2210F1F1800DA2CF4 /* SessionDelegate.swift */,
				291032D3210F1F1800DA2CF4 /* SessionManager.swift */,
				291032D4210F1F1800DA2CF4 /* TaskDelegate.swift */,
				291032D5210F1F1800DA2CF4 /* Timeline.swift */,
				291032D6210F1F1800DA2CF4 /* Validation.swift */,
			);
			path = Alamofire;
			sourceTree = "<group>";
		};
/* End PBXGroup section */

/* Begin PBXNativeTarget section */
		291032AA210EED8A00DA2CF4 /* CheckMarkSample */ = {
			isa = PBXNativeTarget;
			buildConfigurationList = 291032BD210EED8B00DA2CF4 /* Build configuration list for PBXNativeTarget "CheckMarkSample" */;
			buildPhases = (
				291032A7210EED8A00DA2CF4 /* Sources */,
				291032A8210EED8A00DA2CF4 /* Frameworks */,
				291032A9210EED8A00DA2CF4 /* Resources */,
			);
			buildRules = (
			);
			dependencies = (
			);
			name = CheckMarkSample;
			productName = CheckMarkSample;
			productReference = 291032AB210EED8A00DA2CF4 /* CheckMarkSample.app */;
			productType = "com.apple.product-type.application";
		};
/* End PBXNativeTarget section */

/* Begin PBXProject section */
		291032A3210EED8A00DA2CF4 /* Project object */ = {
			isa = PBXProject;
			attributes = {
				LastSwiftUpdateCheck = 0920;
				LastUpgradeCheck = 1010;
				ORGANIZATIONNAME = "Wolken Software Pvt Ltd";
				TargetAttributes = {
					291032AA210EED8A00DA2CF4 = {
						CreatedOnToolsVersion = 9.2;
						LastSwiftMigration = 1010;
						ProvisioningStyle = Automatic;
					};
				};
			};
			buildConfigurationList = 291032A6210EED8A00DA2CF4 /* Build configuration list for PBXProject "CheckMarkSample" */;
			compatibilityVersion = "Xcode 8.0";
			developmentRegion = en;
			hasScannedForEncodings = 0;
			knownRegions = (
				en,
				Base,
			);
			mainGroup = 291032A2210EED8A00DA2CF4;
			productRefGroup = 291032AC210EED8A00DA2CF4 /* Products */;
			projectDirPath = "";
			projectRoot = "";
			targets = (
				291032AA210EED8A00DA2CF4 /* CheckMarkSample */,
			);
		};
/* End PBXProject section */

/* Begin PBXResourcesBuildPhase section */
		291032A9210EED8A00DA2CF4 /* Resources */ = {
			isa = PBXResourcesBuildPhase;
			buildActionMask = 2147483647;
			files = (
				291032B9210EED8A00DA2CF4 /* LaunchScreen.storyboard in Resources */,
				291032B6210EED8A00DA2CF4 /* Assets.xcassets in Resources */,
				291032EE210F228300DA2CF4 /* WatcherTableViewCell.xib in Resources */,
				291032B4210EED8A00DA2CF4 /* Main.storyboard in Resources */,
			);
			runOnlyForDeploymentPostprocessing = 0;
		};
/* End PBXResourcesBuildPhase section */

/* Begin PBXSourcesBuildPhase section */
		291032A7210EED8A00DA2CF4 /* Sources */ = {
			isa = PBXSourcesBuildPhase;
			buildActionMask = 2147483647;
			files = (
				291032D9210F21F400DA2CF4 /* AFError.swift in Sources */,
				291032DA210F21F400DA2CF4 /* Alamofire.h in Sources */,
				291032DB210F21F400DA2CF4 /* Alamofire.swift in Sources */,
				291032DC210F21F400DA2CF4 /* DispatchQueue+Alamofire.swift in Sources */,
				291032DD210F21F400DA2CF4 /* MultipartFormData.swift in Sources */,
				291032DE210F21F400DA2CF4 /* NetworkReachabilityManager.swift in Sources */,
				291032ED210F228300DA2CF4 /* WatcherTableViewCell.swift in Sources */,
				291032DF210F21F400DA2CF4 /* Notifications.swift in Sources */,
				291032E0210F21F400DA2CF4 /* ParameterEncoding.swift in Sources */,
				291032F0210F276400DA2CF4 /* WatchersModel.swift in Sources */,
				291032E1210F21F400DA2CF4 /* Request.swift in Sources */,
				291032E2210F21F400DA2CF4 /* Response.swift in Sources */,
				291032E3210F21F400DA2CF4 /* ResponseSerialization.swift in Sources */,
				291032E4210F21F400DA2CF4 /* Result.swift in Sources */,
				291032E5210F21F400DA2CF4 /* ServerTrustPolicy.swift in Sources */,
				291032E6210F21F400DA2CF4 /* SessionDelegate.swift in Sources */,
				291032E7210F21F400DA2CF4 /* SessionManager.swift in Sources */,
				291032E8210F21F400DA2CF4 /* TaskDelegate.swift in Sources */,
				291032E9210F21F400DA2CF4 /* Timeline.swift in Sources */,
				291032EA210F21F400DA2CF4 /* Validation.swift in Sources */,
				291032D8210F1F2600DA2CF4 /* WSDSwiftyJSON.swift in Sources */,
				291032B1210EED8A00DA2CF4 /* ViewController.swift in Sources */,
				291032C1210EF02A00DA2CF4 /* CheckMarkViewController.swift in Sources */,
				291032C3210F1CB300DA2CF4 /* WebService.swift in Sources */,
				291032AF210EED8A00DA2CF4 /* AppDelegate.swift in Sources */,
			);
			runOnlyForDeploymentPostprocessing = 0;
		};
/* End PBXSourcesBuildPhase section */

/* Begin PBXVariantGroup section */
		291032B2210EED8A00DA2CF4 /* Main.storyboard */ = {
			isa = PBXVariantGroup;
			children = (
				291032B3210EED8A00DA2CF4 /* Base */,
			);
			name = Main.storyboard;
			sourceTree = "<group>";
		};
		291032B7210EED8A00DA2CF4 /* LaunchScreen.storyboard */ = {
			isa = PBXVariantGroup;
			children = (
				291032B8210EED8A00DA2CF4 /* Base */,
			);
			name = LaunchScreen.storyboard;
			sourceTree = "<group>";
		};
/* End PBXVariantGroup section */

/* Begin XCBuildConfiguration section */
		291032BB210EED8B00DA2CF4 /* Debug */ = {
			isa = XCBuildConfiguration;
			buildSettings = {
				ALWAYS_SEARCH_USER_PATHS = NO;
				CLANG_ANALYZER_NONNULL = YES;
				CLANG_ANALYZER_NUMBER_OBJECT_CONVERSION = YES_AGGRESSIVE;
				CLANG_CXX_LANGUAGE_STANDARD = "gnu++14";
				CLANG_CXX_LIBRARY = "libc++";
				CLANG_ENABLE_MODULES = YES;
				CLANG_ENABLE_OBJC_ARC = YES;
				CLANG_WARN_BLOCK_CAPTURE_AUTORELEASING = YES;
				CLANG_WARN_BOOL_CONVERSION = YES;
				CLANG_WARN_COMMA = YES;
				CLANG_WARN_CONSTANT_CONVERSION = YES;
				CLANG_WARN_DEPRECATED_OBJC_IMPLEMENTATIONS = YES;
				CLANG_WARN_DIRECT_OBJC_ISA_USAGE = YES_ERROR;
				CLANG_WARN_DOCUMENTATION_COMMENTS = YES;
				CLANG_WARN_EMPTY_BODY = YES;
				CLANG_WARN_ENUM_CONVERSION = YES;
				CLANG_WARN_INFINITE_RECURSION = YES;
				CLANG_WARN_INT_CONVERSION = YES;
				CLANG_WARN_NON_LITERAL_NULL_CONVERSION = YES;
				CLANG_WARN_OBJC_IMPLICIT_RETAIN_SELF = YES;
				CLANG_WARN_OBJC_LITERAL_CONVERSION = YES;
				CLANG_WARN_OBJC_ROOT_CLASS = YES_ERROR;
				CLANG_WARN_RANGE_LOOP_ANALYSIS = YES;
				CLANG_WARN_STRICT_PROTOTYPES = YES;
				CLANG_WARN_SUSPICIOUS_MOVE = YES;
				CLANG_WARN_UNGUARDED_AVAILABILITY = YES_AGGRESSIVE;
				CLANG_WARN_UNREACHABLE_CODE = YES;
				CLANG_WARN__DUPLICATE_METHOD_MATCH = YES;
				CODE_SIGN_IDENTITY = "iPhone Developer";
				COPY_PHASE_STRIP = NO;
				DEBUG_INFORMATION_FORMAT = dwarf;
				ENABLE_STRICT_OBJC_MSGSEND = YES;
				ENABLE_TESTABILITY = YES;
				GCC_C_LANGUAGE_STANDARD = gnu11;
				GCC_DYNAMIC_NO_PIC = NO;
				GCC_NO_COMMON_BLOCKS = YES;
				GCC_OPTIMIZATION_LEVEL = 0;
				GCC_PREPROCESSOR_DEFINITIONS = (
					"DEBUG=1",
					"$(inherited)",
				);
				GCC_WARN_64_TO_32_BIT_CONVERSION = YES;
				GCC_WARN_ABOUT_RETURN_TYPE = YES_ERROR;
				GCC_WARN_UNDECLARED_SELECTOR = YES;
				GCC_WARN_UNINITIALIZED_AUTOS = YES_AGGRESSIVE;
				GCC_WARN_UNUSED_FUNCTION = YES;
				GCC_WARN_UNUSED_VARIABLE = YES;
				IPHONEOS_DEPLOYMENT_TARGET = 11.2;
				MTL_ENABLE_DEBUG_INFO = YES;
				ONLY_ACTIVE_ARCH = YES;
				SDKROOT = iphoneos;
				SWIFT_ACTIVE_COMPILATION_CONDITIONS = DEBUG;
				SWIFT_OPTIMIZATION_LEVEL = "-Onone";
			};
			name = Debug;
		};
		291032BC210EED8B00DA2CF4 /* Release */ = {
			isa = XCBuildConfiguration;
			buildSettings = {
				ALWAYS_SEARCH_USER_PATHS = NO;
				CLANG_ANALYZER_NONNULL = YES;
				CLANG_ANALYZER_NUMBER_OBJECT_CONVERSION = YES_AGGRESSIVE;
				CLANG_CXX_LANGUAGE_STANDARD = "gnu++14";
				CLANG_CXX_LIBRARY = "libc++";
				CLANG_ENABLE_MODULES = YES;
				CLANG_ENABLE_OBJC_ARC = YES;
				CLANG_WARN_BLOCK_CAPTURE_AUTORELEASING = YES;
				CLANG_WARN_BOOL_CONVERSION = YES;
				CLANG_WARN_COMMA = YES;
				CLANG_WARN_CONSTANT_CONVERSION = YES;
				CLANG_WARN_DEPRECATED_OBJC_IMPLEMENTATIONS = YES;
				CLANG_WARN_DIRECT_OBJC_ISA_USAGE = YES_ERROR;
				CLANG_WARN_DOCUMENTATION_COMMENTS = YES;
				CLANG_WARN_EMPTY_BODY = YES;
				CLANG_WARN_ENUM_CONVERSION = YES;
				CLANG_WARN_INFINITE_RECURSION = YES;
				CLANG_WARN_INT_CONVERSION = YES;
				CLANG_WARN_NON_LITERAL_NULL_CONVERSION = YES;
				CLANG_WARN_OBJC_IMPLICIT_RETAIN_SELF = YES;
				CLANG_WARN_OBJC_LITERAL_CONVERSION = YES;
				CLANG_WARN_OBJC_ROOT_CLASS = YES_ERROR;
				CLANG_WARN_RANGE_LOOP_ANALYSIS = YES;
				CLANG_WARN_STRICT_PROTOTYPES = YES;
				CLANG_WARN_SUSPICIOUS_MOVE = YES;
				CLANG_WARN_UNGUARDED_AVAILABILITY = YES_AGGRESSIVE;
				CLANG_WARN_UNREACHABLE_CODE = YES;
				CLANG_WARN__DUPLICATE_METHOD_MATCH = YES;
				CODE_SIGN_IDENTITY = "iPhone Developer";
				COPY_PHASE_STRIP = NO;
				DEBUG_INFORMATION_FORMAT = "dwarf-with-dsym";
				ENABLE_NS_ASSERTIONS = NO;
				ENABLE_STRICT_OBJC_MSGSEND = YES;
				GCC_C_LANGUAGE_STANDARD = gnu11;
				GCC_NO_COMMON_BLOCKS = YES;
				GCC_WARN_64_TO_32_BIT_CONVERSION = YES;
				GCC_WARN_ABOUT_RETURN_TYPE = YES_ERROR;
				GCC_WARN_UNDECLARED_SELECTOR = YES;
				GCC_WARN_UNINITIALIZED_AUTOS = YES_AGGRESSIVE;
				GCC_WARN_UNUSED_FUNCTION = YES;
				GCC_WARN_UNUSED_VARIABLE = YES;
				IPHONEOS_DEPLOYMENT_TARGET = 11.2;
				MTL_ENABLE_DEBUG_INFO = NO;
				SDKROOT = iphoneos;
				SWIFT_OPTIMIZATION_LEVEL = "-Owholemodule";
				VALIDATE_PRODUCT = YES;
			};
			name = Release;
		};
		291032BE210EED8B00DA2CF4 /* Debug */ = {
			isa = XCBuildConfiguration;
			buildSettings = {
				ASSETCATALOG_COMPILER_APPICON_NAME = AppIcon;
				CODE_SIGN_STYLE = Automatic;
				DEVELOPMENT_TEAM = C9WZXLULP4;
				INFOPLIST_FILE = CheckMarkSample/Info.plist;
				LD_RUNPATH_SEARCH_PATHS = "$(inherited) @executable_path/Frameworks";
				PRODUCT_BUNDLE_IDENTIFIER = com.wolkensoftware.wolkenservicedesk.CheckMarkSample;
				PRODUCT_NAME = "$(TARGET_NAME)";
				SWIFT_VERSION = 4.2;
				TARGETED_DEVICE_FAMILY = "1,2";
			};
			name = Debug;
		};
		291032BF210EED8B00DA2CF4 /* Release */ = {
			isa = XCBuildConfiguration;
			buildSettings = {
				ASSETCATALOG_COMPILER_APPICON_NAME = AppIcon;
				CODE_SIGN_STYLE = Automatic;
				DEVELOPMENT_TEAM = C9WZXLULP4;
				INFOPLIST_FILE = CheckMarkSample/Info.plist;
				LD_RUNPATH_SEARCH_PATHS = "$(inherited) @executable_path/Frameworks";
				PRODUCT_BUNDLE_IDENTIFIER = com.wolkensoftware.wolkenservicedesk.CheckMarkSample;
				PRODUCT_NAME = "$(TARGET_NAME)";
				SWIFT_VERSION = 4.2;
				TARGETED_DEVICE_FAMILY = "1,2";
			};
			name = Release;
		};
/* End XCBuildConfiguration section */

/* Begin XCConfigurationList section */
		291032A6210EED8A00DA2CF4 /* Build configuration list for PBXProject "CheckMarkSample" */ = {
			isa = XCConfigurationList;
			buildConfigurations = (
				291032BB210EED8B00DA2CF4 /* Debug */,
				291032BC210EED8B00DA2CF4 /* Release */,
			);
			defaultConfigurationIsVisible = 0;
			defaultConfigurationName = Release;
		};
		291032BD210EED8B00DA2CF4 /* Build configuration list for PBXNativeTarget "CheckMarkSample" */ = {
			isa = XCConfigurationList;
			buildConfigurations = (
				291032BE210EED8B00DA2CF4 /* Debug */,
				291032BF210EED8B00DA2CF4 /* Release */,
			);
			defaultConfigurationIsVisible = 0;
			defaultConfigurationName = Release;
		};
/* End XCConfigurationList section */
	};
	rootObject = 291032A3210EED8A00DA2CF4 /* Project object */;
}
